// !$*UTF8*$!
{
	archiveVersion = 1;
	classes = {
	};
	objectVersion = 55;
	objects = {

/* Begin PBXBuildFile section */
		A3FD7EA8E66C0B2D5774263C /* Pods_ByteCoinMVVM.framework in Frameworks */ = {isa = PBXBuildFile; fileRef = 7FF4B7870A961ED61F2B65F0 /* Pods_ByteCoinMVVM.framework */; };
		BF08F89B289A13E7006E9148 /* MainViewModel.swift in Sources */ = {isa = PBXBuildFile; fileRef = BF08F89A289A13E7006E9148 /* MainViewModel.swift */; };
		BF08F89E289A14B2006E9148 /* ItemPicker.swift in Sources */ = {isa = PBXBuildFile; fileRef = BF08F89D289A14B2006E9148 /* ItemPicker.swift */; };
		BF08F8A0289A14C2006E9148 /* ItemPickerViewModel.swift in Sources */ = {isa = PBXBuildFile; fileRef = BF08F89F289A14C2006E9148 /* ItemPickerViewModel.swift */; };
		BF08F8A4289A332B006E9148 /* CoinPriceNetwork.swift in Sources */ = {isa = PBXBuildFile; fileRef = BF08F8A3289A332B006E9148 /* CoinPriceNetwork.swift */; };
		BF08F8A7289A350B006E9148 /* CoinData.swift in Sources */ = {isa = PBXBuildFile; fileRef = BF08F8A6289A350B006E9148 /* CoinData.swift */; };
		BF08F8A9289A40D6006E9148 /* Env.swift in Sources */ = {isa = PBXBuildFile; fileRef = BF08F8A8289A40D6006E9148 /* Env.swift */; };
		BF607D67289A10AD00A863CE /* AppDelegate.swift in Sources */ = {isa = PBXBuildFile; fileRef = BF607D66289A10AD00A863CE /* AppDelegate.swift */; };
		BF607D69289A10AD00A863CE /* SceneDelegate.swift in Sources */ = {isa = PBXBuildFile; fileRef = BF607D68289A10AD00A863CE /* SceneDelegate.swift */; };
		BF607D70289A10AE00A863CE /* Assets.xcassets in Resources */ = {isa = PBXBuildFile; fileRef = BF607D6F289A10AE00A863CE /* Assets.xcassets */; };
		BF607D73289A10AE00A863CE /* LaunchScreen.storyboard in Resources */ = {isa = PBXBuildFile; fileRef = BF607D71289A10AE00A863CE /* LaunchScreen.storyboard */; };
		BF607D7F289A112700A863CE /* MainViewController.swift in Sources */ = {isa = PBXBuildFile; fileRef = BF607D7E289A112700A863CE /* MainViewController.swift */; };
		BF808BE9289BB27000263984 /* CoinDataRepository.swift in Sources */ = {isa = PBXBuildFile; fileRef = BF808BE8289BB27000263984 /* CoinDataRepository.swift */; };
/* End PBXBuildFile section */

/* Begin PBXFileReference section */
		36BAB33D4257A7A77E51B009 /* Pods-ByteCoinMVVM.release.xcconfig */ = {isa = PBXFileReference; includeInIndex = 1; lastKnownFileType = text.xcconfig; name = "Pods-ByteCoinMVVM.release.xcconfig"; path = "Target Support Files/Pods-ByteCoinMVVM/Pods-ByteCoinMVVM.release.xcconfig"; sourceTree = "<group>"; };
		7FF4B7870A961ED61F2B65F0 /* Pods_ByteCoinMVVM.framework */ = {isa = PBXFileReference; explicitFileType = wrapper.framework; includeInIndex = 0; path = Pods_ByteCoinMVVM.framework; sourceTree = BUILT_PRODUCTS_DIR; };
		BF08F89A289A13E7006E9148 /* MainViewModel.swift */ = {isa = PBXFileReference; lastKnownFileType = sourcecode.swift; path = MainViewModel.swift; sourceTree = "<group>"; };
		BF08F89D289A14B2006E9148 /* ItemPicker.swift */ = {isa = PBXFileReference; lastKnownFileType = sourcecode.swift; path = ItemPicker.swift; sourceTree = "<group>"; };
		BF08F89F289A14C2006E9148 /* ItemPickerViewModel.swift */ = {isa = PBXFileReference; lastKnownFileType = sourcecode.swift; path = ItemPickerViewModel.swift; sourceTree = "<group>"; };
		BF08F8A3289A332B006E9148 /* CoinPriceNetwork.swift */ = {isa = PBXFileReference; lastKnownFileType = sourcecode.swift; path = CoinPriceNetwork.swift; sourceTree = "<group>"; };
		BF08F8A6289A350B006E9148 /* CoinData.swift */ = {isa = PBXFileReference; lastKnownFileType = sourcecode.swift; path = CoinData.swift; sourceTree = "<group>"; };
		BF08F8A8289A40D6006E9148 /* Env.swift */ = {isa = PBXFileReference; lastKnownFileType = sourcecode.swift; path = Env.swift; sourceTree = "<group>"; };
		BF607D63289A10AD00A863CE /* ByteCoinMVVM.app */ = {isa = PBXFileReference; explicitFileType = wrapper.application; includeInIndex = 0; path = ByteCoinMVVM.app; sourceTree = BUILT_PRODUCTS_DIR; };
		BF607D66289A10AD00A863CE /* AppDelegate.swift */ = {isa = PBXFileReference; lastKnownFileType = sourcecode.swift; path = AppDelegate.swift; sourceTree = "<group>"; };
		BF607D68289A10AD00A863CE /* SceneDelegate.swift */ = {isa = PBXFileReference; lastKnownFileType = sourcecode.swift; path = SceneDelegate.swift; sourceTree = "<group>"; };
		BF607D6F289A10AE00A863CE /* Assets.xcassets */ = {isa = PBXFileReference; lastKnownFileType = folder.assetcatalog; path = Assets.xcassets; sourceTree = "<group>"; };
		BF607D72289A10AE00A863CE /* Base */ = {isa = PBXFileReference; lastKnownFileType = file.storyboard; name = Base; path = Base.lproj/LaunchScreen.storyboard; sourceTree = "<group>"; };
		BF607D74289A10AE00A863CE /* Info.plist */ = {isa = PBXFileReference; lastKnownFileType = text.plist.xml; path = Info.plist; sourceTree = "<group>"; };
		BF607D7E289A112700A863CE /* MainViewController.swift */ = {isa = PBXFileReference; lastKnownFileType = sourcecode.swift; path = MainViewController.swift; sourceTree = "<group>"; };
		BF808BE8289BB27000263984 /* CoinDataRepository.swift */ = {isa = PBXFileReference; lastKnownFileType = sourcecode.swift; path = CoinDataRepository.swift; sourceTree = "<group>"; };
		E9234D0C3CC3BAA766F4ED22 /* Pods-ByteCoinMVVM.debug.xcconfig */ = {isa = PBXFileReference; includeInIndex = 1; lastKnownFileType = text.xcconfig; name = "Pods-ByteCoinMVVM.debug.xcconfig"; path = "Target Support Files/Pods-ByteCoinMVVM/Pods-ByteCoinMVVM.debug.xcconfig"; sourceTree = "<group>"; };
/* End PBXFileReference section */

/* Begin PBXFrameworksBuildPhase section */
		BF607D60289A10AD00A863CE /* Frameworks */ = {
			isa = PBXFrameworksBuildPhase;
			buildActionMask = 2147483647;
			files = (
				A3FD7EA8E66C0B2D5774263C /* Pods_ByteCoinMVVM.framework in Frameworks */,
			);
			runOnlyForDeploymentPostprocessing = 0;
		};
/* End PBXFrameworksBuildPhase section */

/* Begin PBXGroup section */
		28A46D5B66537B2B91A67ADA /* Pods */ = {
			isa = PBXGroup;
			children = (
				E9234D0C3CC3BAA766F4ED22 /* Pods-ByteCoinMVVM.debug.xcconfig */,
				36BAB33D4257A7A77E51B009 /* Pods-ByteCoinMVVM.release.xcconfig */,
			);
			path = Pods;
			sourceTree = "<group>";
		};
		525FFE19F5C7B24193825211 /* Frameworks */ = {
			isa = PBXGroup;
			children = (
				7FF4B7870A961ED61F2B65F0 /* Pods_ByteCoinMVVM.framework */,
			);
			name = Frameworks;
			sourceTree = "<group>";
		};
		BF08F899289A13AC006E9148 /* Main */ = {
			isa = PBXGroup;
			children = (
				BF08F89C289A148A006E9148 /* SubComponent */,
				BF607D7E289A112700A863CE /* MainViewController.swift */,
				BF08F89A289A13E7006E9148 /* MainViewModel.swift */,
			);
			path = Main;
			sourceTree = "<group>";
		};
		BF08F89C289A148A006E9148 /* SubComponent */ = {
			isa = PBXGroup;
			children = (
				BF08F8A1289A14C6006E9148 /* ItemPicker */,
			);
			path = SubComponent;
			sourceTree = "<group>";
		};
		BF08F8A1289A14C6006E9148 /* ItemPicker */ = {
			isa = PBXGroup;
			children = (
				BF08F89D289A14B2006E9148 /* ItemPicker.swift */,
				BF08F89F289A14C2006E9148 /* ItemPickerViewModel.swift */,
			);
			path = ItemPicker;
			sourceTree = "<group>";
		};
		BF08F8A2289A32D2006E9148 /* Network */ = {
			isa = PBXGroup;
			children = (
				BF08F8A3289A332B006E9148 /* CoinPriceNetwork.swift */,
			);
			path = Network;
			sourceTree = "<group>";
		};
		BF08F8A5289A3501006E9148 /* Entity */ = {
			isa = PBXGroup;
			children = (
				BF08F8A6289A350B006E9148 /* CoinData.swift */,
			);
			path = Entity;
			sourceTree = "<group>";
		};
		BF607D5A289A10AD00A863CE = {
			isa = PBXGroup;
			children = (
				BF607D65289A10AD00A863CE /* ByteCoinMVVM */,
				BF607D64289A10AD00A863CE /* Products */,
				28A46D5B66537B2B91A67ADA /* Pods */,
				525FFE19F5C7B24193825211 /* Frameworks */,
			);
			sourceTree = "<group>";
		};
		BF607D64289A10AD00A863CE /* Products */ = {
			isa = PBXGroup;
			children = (
				BF607D63289A10AD00A863CE /* ByteCoinMVVM.app */,
			);
			name = Products;
			sourceTree = "<group>";
		};
		BF607D65289A10AD00A863CE /* ByteCoinMVVM */ = {
			isa = PBXGroup;
			children = (
				BF808BE7289BB25A00263984 /* Repository */,
				BF08F8A5289A3501006E9148 /* Entity */,
				BF08F8A2289A32D2006E9148 /* Network */,
				BF607D7C289A10FF00A863CE /* Presentation */,
				BF607D7B289A10EE00A863CE /* Delegate */,
				BF607D7A289A10E400A863CE /* SupportingFiles */,
			);
			path = ByteCoinMVVM;
			sourceTree = "<group>";
		};
		BF607D7A289A10E400A863CE /* SupportingFiles */ = {
			isa = PBXGroup;
			children = (
				BF607D6F289A10AE00A863CE /* Assets.xcassets */,
				BF607D74289A10AE00A863CE /* Info.plist */,
				BF08F8A8289A40D6006E9148 /* Env.swift */,
			);
			path = SupportingFiles;
			sourceTree = "<group>";
		};
		BF607D7B289A10EE00A863CE /* Delegate */ = {
			isa = PBXGroup;
			children = (
				BF607D66289A10AD00A863CE /* AppDelegate.swift */,
				BF607D68289A10AD00A863CE /* SceneDelegate.swift */,
			);
			path = Delegate;
			sourceTree = "<group>";
		};
		BF607D7C289A10FF00A863CE /* Presentation */ = {
			isa = PBXGroup;
			children = (
				BF607D7D289A110B00A863CE /* LaunchScreen */,
				BF08F899289A13AC006E9148 /* Main */,
			);
			path = Presentation;
			sourceTree = "<group>";
		};
		BF607D7D289A110B00A863CE /* LaunchScreen */ = {
			isa = PBXGroup;
			children = (
				BF607D71289A10AE00A863CE /* LaunchScreen.storyboard */,
			);
			path = LaunchScreen;
			sourceTree = "<group>";
		};
		BF808BE7289BB25A00263984 /* Repository */ = {
			isa = PBXGroup;
			children = (
				BF808BE8289BB27000263984 /* CoinDataRepository.swift */,
			);
			path = Repository;
			sourceTree = "<group>";
		};
/* End PBXGroup section */

/* Begin PBXNativeTarget section */
		BF607D62289A10AD00A863CE /* ByteCoinMVVM */ = {
			isa = PBXNativeTarget;
			buildConfigurationList = BF607D77289A10AE00A863CE /* Build configuration list for PBXNativeTarget "ByteCoinMVVM" */;
			buildPhases = (
				07C57505F6593866276B89F0 /* [CP] Check Pods Manifest.lock */,
				BF607D5F289A10AD00A863CE /* Sources */,
				BF607D60289A10AD00A863CE /* Frameworks */,
				BF607D61289A10AD00A863CE /* Resources */,
				E26EFF1539547851D972A24B /* [CP] Embed Pods Frameworks */,
			);
			buildRules = (
			);
			dependencies = (
			);
			name = ByteCoinMVVM;
			productName = ByteCoinMVVM;
			productReference = BF607D63289A10AD00A863CE /* ByteCoinMVVM.app */;
			productType = "com.apple.product-type.application";
		};
/* End PBXNativeTarget section */

/* Begin PBXProject section */
		BF607D5B289A10AD00A863CE /* Project object */ = {
			isa = PBXProject;
			attributes = {
				BuildIndependentTargetsInParallel = 1;
				LastSwiftUpdateCheck = 1340;
				LastUpgradeCheck = 1340;
				TargetAttributes = {
					BF607D62289A10AD00A863CE = {
						CreatedOnToolsVersion = 13.4.1;
					};
				};
			};
			buildConfigurationList = BF607D5E289A10AD00A863CE /* Build configuration list for PBXProject "ByteCoinMVVM" */;
			compatibilityVersion = "Xcode 13.0";
			developmentRegion = en;
			hasScannedForEncodings = 0;
			knownRegions = (
				en,
				Base,
			);
			mainGroup = BF607D5A289A10AD00A863CE;
			productRefGroup = BF607D64289A10AD00A863CE /* Products */;
			projectDirPath = "";
			projectRoot = "";
			targets = (
				BF607D62289A10AD00A863CE /* ByteCoinMVVM */,
			);
		};
/* End PBXProject section */

/* Begin PBXResourcesBuildPhase section */
		BF607D61289A10AD00A863CE /* Resources */ = {
			isa = PBXResourcesBuildPhase;
			buildActionMask = 2147483647;
			files = (
				BF607D73289A10AE00A863CE /* LaunchScreen.storyboard in Resources */,
				BF607D70289A10AE00A863CE /* Assets.xcassets in Resources */,
			);
			runOnlyForDeploymentPostprocessing = 0;
		};
/* End PBXResourcesBuildPhase section */

/* Begin PBXShellScriptBuildPhase section */
		07C57505F6593866276B89F0 /* [CP] Check Pods Manifest.lock */ = {
			isa = PBXShellScriptBuildPhase;
			buildActionMask = 2147483647;
			files = (
			);
			inputFileListPaths = (
			);
			inputPaths = (
				"${PODS_PODFILE_DIR_PATH}/Podfile.lock",
				"${PODS_ROOT}/Manifest.lock",
			);
			name = "[CP] Check Pods Manifest.lock";
			outputFileListPaths = (
			);
			outputPaths = (
				"$(DERIVED_FILE_DIR)/Pods-ByteCoinMVVM-checkManifestLockResult.txt",
			);
			runOnlyForDeploymentPostprocessing = 0;
			shellPath = /bin/sh;
			shellScript = "diff \"${PODS_PODFILE_DIR_PATH}/Podfile.lock\" \"${PODS_ROOT}/Manifest.lock\" > /dev/null\nif [ $? != 0 ] ; then\n    # print error to STDERR\n    echo \"error: The sandbox is not in sync with the Podfile.lock. Run 'pod install' or update your CocoaPods installation.\" >&2\n    exit 1\nfi\n# This output is used by Xcode 'outputs' to avoid re-running this script phase.\necho \"SUCCESS\" > \"${SCRIPT_OUTPUT_FILE_0}\"\n";
			showEnvVarsInLog = 0;
		};
		E26EFF1539547851D972A24B /* [CP] Embed Pods Frameworks */ = {
			isa = PBXShellScriptBuildPhase;
			buildActionMask = 2147483647;
			files = (
			);
			inputFileListPaths = (
				"${PODS_ROOT}/Target Support Files/Pods-ByteCoinMVVM/Pods-ByteCoinMVVM-frameworks-${CONFIGURATION}-input-files.xcfilelist",
			);
			name = "[CP] Embed Pods Frameworks";
			outputFileListPaths = (
				"${PODS_ROOT}/Target Support Files/Pods-ByteCoinMVVM/Pods-ByteCoinMVVM-frameworks-${CONFIGURATION}-output-files.xcfilelist",
			);
			runOnlyForDeploymentPostprocessing = 0;
			shellPath = /bin/sh;
			shellScript = "\"${PODS_ROOT}/Target Support Files/Pods-ByteCoinMVVM/Pods-ByteCoinMVVM-frameworks.sh\"\n";
			showEnvVarsInLog = 0;
		};
/* End PBXShellScriptBuildPhase section */

/* Begin PBXSourcesBuildPhase section */
		BF607D5F289A10AD00A863CE /* Sources */ = {
			isa = PBXSourcesBuildPhase;
			buildActionMask = 2147483647;
			files = (
				BF607D7F289A112700A863CE /* MainViewController.swift in Sources */,
				BF08F8A0289A14C2006E9148 /* ItemPickerViewModel.swift in Sources */,
				BF08F8A4289A332B006E9148 /* CoinPriceNetwork.swift in Sources */,
				BF08F8A9289A40D6006E9148 /* Env.swift in Sources */,
				BF808BE9289BB27000263984 /* CoinDataRepository.swift in Sources */,
				BF08F89E289A14B2006E9148 /* ItemPicker.swift in Sources */,
				BF08F8A7289A350B006E9148 /* CoinData.swift in Sources */,
				BF607D67289A10AD00A863CE /* AppDelegate.swift in Sources */,
				BF607D69289A10AD00A863CE /* SceneDelegate.swift in Sources */,
				BF08F89B289A13E7006E9148 /* MainViewModel.swift in Sources */,
			);
			runOnlyForDeploymentPostprocessing = 0;
		};
/* End PBXSourcesBuildPhase section */

/* Begin PBXVariantGroup section */
		BF607D71289A10AE00A863CE /* LaunchScreen.storyboard */ = {
			isa = PBXVariantGroup;
			children = (
				BF607D72289A10AE00A863CE /* Base */,
			);
			name = LaunchScreen.storyboard;
			sourceTree = "<group>";
		};
/* End PBXVariantGroup section */

/* Begin XCBuildConfiguration section */
		BF607D75289A10AE00A863CE /* Debug */ = {
			isa = XCBuildConfiguration;
			buildSettings = {
				ALWAYS_SEARCH_USER_PATHS = NO;
				CLANG_ANALYZER_NONNULL = YES;
				CLANG_ANALYZER_NUMBER_OBJECT_CONVERSION = YES_AGGRESSIVE;
				CLANG_CXX_LANGUAGE_STANDARD = "gnu++17";
				CLANG_ENABLE_MODULES = YES;
				CLANG_ENABLE_OBJC_ARC = YES;
				CLANG_ENABLE_OBJC_WEAK = YES;
				CLANG_WARN_BLOCK_CAPTURE_AUTORELEASING = YES;
				CLANG_WARN_BOOL_CONVERSION = YES;
				CLANG_WARN_COMMA = YES;
				CLANG_WARN_CONSTANT_CONVERSION = YES;
				CLANG_WARN_DEPRECATED_OBJC_IMPLEMENTATIONS = YES;
				CLANG_WARN_DIRECT_OBJC_ISA_USAGE = YES_ERROR;
				CLANG_WARN_DOCUMENTATION_COMMENTS = YES;
				CLANG_WARN_EMPTY_BODY = YES;
				CLANG_WARN_ENUM_CONVERSION = YES;
				CLANG_WARN_INFINITE_RECURSION = YES;
				CLANG_WARN_INT_CONVERSION = YES;
				CLANG_WARN_NON_LITERAL_NULL_CONVERSION = YES;
				CLANG_WARN_OBJC_IMPLICIT_RETAIN_SELF = YES;
				CLANG_WARN_OBJC_LITERAL_CONVERSION = YES;
				CLANG_WARN_OBJC_ROOT_CLASS = YES_ERROR;
				CLANG_WARN_QUOTED_INCLUDE_IN_FRAMEWORK_HEADER = YES;
				CLANG_WARN_RANGE_LOOP_ANALYSIS = YES;
				CLANG_WARN_STRICT_PROTOTYPES = YES;
				CLANG_WARN_SUSPICIOUS_MOVE = YES;
				CLANG_WARN_UNGUARDED_AVAILABILITY = YES_AGGRESSIVE;
				CLANG_WARN_UNREACHABLE_CODE = YES;
				CLANG_WARN__DUPLICATE_METHOD_MATCH = YES;
				COPY_PHASE_STRIP = NO;
				DEBUG_INFORMATION_FORMAT = dwarf;
				ENABLE_STRICT_OBJC_MSGSEND = YES;
				ENABLE_TESTABILITY = YES;
				GCC_C_LANGUAGE_STANDARD = gnu11;
				GCC_DYNAMIC_NO_PIC = NO;
				GCC_NO_COMMON_BLOCKS = YES;
				GCC_OPTIMIZATION_LEVEL = 0;
				GCC_PREPROCESSOR_DEFINITIONS = (
					"DEBUG=1",
					"$(inherited)",
				);
				GCC_WARN_64_TO_32_BIT_CONVERSION = YES;
				GCC_WARN_ABOUT_RETURN_TYPE = YES_ERROR;
				GCC_WARN_UNDECLARED_SELECTOR = YES;
				GCC_WARN_UNINITIALIZED_AUTOS = YES_AGGRESSIVE;
				GCC_WARN_UNUSED_FUNCTION = YES;
				GCC_WARN_UNUSED_VARIABLE = YES;
				IPHONEOS_DEPLOYMENT_TARGET = 15.5;
				MTL_ENABLE_DEBUG_INFO = INCLUDE_SOURCE;
				MTL_FAST_MATH = YES;
				ONLY_ACTIVE_ARCH = YES;
				SDKROOT = iphoneos;
				SWIFT_ACTIVE_COMPILATION_CONDITIONS = DEBUG;
				SWIFT_OPTIMIZATION_LEVEL = "-Onone";
			};
			name = Debug;
		};
		BF607D76289A10AE00A863CE /* Release */ = {
			isa = XCBuildConfiguration;
			buildSettings = {
				ALWAYS_SEARCH_USER_PATHS = NO;
				CLANG_ANALYZER_NONNULL = YES;
				CLANG_ANALYZER_NUMBER_OBJECT_CONVERSION = YES_AGGRESSIVE;
				CLANG_CXX_LANGUAGE_STANDARD = "gnu++17";
				CLANG_ENABLE_MODULES = YES;
				CLANG_ENABLE_OBJC_ARC = YES;
				CLANG_ENABLE_OBJC_WEAK = YES;
				CLANG_WARN_BLOCK_CAPTURE_AUTORELEASING = YES;
				CLANG_WARN_BOOL_CONVERSION = YES;
				CLANG_WARN_COMMA = YES;
				CLANG_WARN_CONSTANT_CONVERSION = YES;
				CLANG_WARN_DEPRECATED_OBJC_IMPLEMENTATIONS = YES;
				CLANG_WARN_DIRECT_OBJC_ISA_USAGE = YES_ERROR;
				CLANG_WARN_DOCUMENTATION_COMMENTS = YES;
				CLANG_WARN_EMPTY_BODY = YES;
				CLANG_WARN_ENUM_CONVERSION = YES;
				CLANG_WARN_INFINITE_RECURSION = YES;
				CLANG_WARN_INT_CONVERSION = YES;
				CLANG_WARN_NON_LITERAL_NULL_CONVERSION = YES;
				CLANG_WARN_OBJC_IMPLICIT_RETAIN_SELF = YES;
				CLANG_WARN_OBJC_LITERAL_CONVERSION = YES;
				CLANG_WARN_OBJC_ROOT_CLASS = YES_ERROR;
				CLANG_WARN_QUOTED_INCLUDE_IN_FRAMEWORK_HEADER = YES;
				CLANG_WARN_RANGE_LOOP_ANALYSIS = YES;
				CLANG_WARN_STRICT_PROTOTYPES = YES;
				CLANG_WARN_SUSPICIOUS_MOVE = YES;
				CLANG_WARN_UNGUARDED_AVAILABILITY = YES_AGGRESSIVE;
				CLANG_WARN_UNREACHABLE_CODE = YES;
				CLANG_WARN__DUPLICATE_METHOD_MATCH = YES;
				COPY_PHASE_STRIP = NO;
				DEBUG_INFORMATION_FORMAT = "dwarf-with-dsym";
				ENABLE_NS_ASSERTIONS = NO;
				ENABLE_STRICT_OBJC_MSGSEND = YES;
				GCC_C_LANGUAGE_STANDARD = gnu11;
				GCC_NO_COMMON_BLOCKS = YES;
				GCC_WARN_64_TO_32_BIT_CONVERSION = YES;
				GCC_WARN_ABOUT_RETURN_TYPE = YES_ERROR;
				GCC_WARN_UNDECLARED_SELECTOR = YES;
				GCC_WARN_UNINITIALIZED_AUTOS = YES_AGGRESSIVE;
				GCC_WARN_UNUSED_FUNCTION = YES;
				GCC_WARN_UNUSED_VARIABLE = YES;
				IPHONEOS_DEPLOYMENT_TARGET = 15.5;
				MTL_ENABLE_DEBUG_INFO = NO;
				MTL_FAST_MATH = YES;
				SDKROOT = iphoneos;
				SWIFT_COMPILATION_MODE = wholemodule;
				SWIFT_OPTIMIZATION_LEVEL = "-O";
				VALIDATE_PRODUCT = YES;
			};
			name = Release;
		};
		BF607D78289A10AE00A863CE /* Debug */ = {
			isa = XCBuildConfiguration;
			baseConfigurationReference = E9234D0C3CC3BAA766F4ED22 /* Pods-ByteCoinMVVM.debug.xcconfig */;
			buildSettings = {
				ASSETCATALOG_COMPILER_APPICON_NAME = AppIcon;
				ASSETCATALOG_COMPILER_GLOBAL_ACCENT_COLOR_NAME = AccentColor;
				CODE_SIGN_STYLE = Automatic;
				CURRENT_PROJECT_VERSION = 1;
				DEVELOPMENT_TEAM = KB3R84Q4BQ;
				GENERATE_INFOPLIST_FILE = YES;
				INFOPLIST_FILE = ByteCoinMVVM/SupportingFiles/Info.plist;
				INFOPLIST_KEY_UIApplicationSupportsIndirectInputEvents = YES;
				INFOPLIST_KEY_UILaunchStoryboardName = LaunchScreen;
				INFOPLIST_KEY_UISupportedInterfaceOrientations_iPad = "UIInterfaceOrientationPortrait UIInterfaceOrientationPortraitUpsideDown UIInterfaceOrientationLandscapeLeft UIInterfaceOrientationLandscapeRight";
				INFOPLIST_KEY_UISupportedInterfaceOrientations_iPhone = "UIInterfaceOrientationPortrait UIInterfaceOrientationLandscapeLeft UIInterfaceOrientationLandscapeRight";
				LD_RUNPATH_SEARCH_PATHS = (
					"$(inherited)",
					"@executable_path/Frameworks",
				);
				MARKETING_VERSION = 1.0;
				PRODUCT_BUNDLE_IDENTIFIER = com.taeyangeom.ByteCoinMVVM;
				PRODUCT_NAME = "$(TARGET_NAME)";
				SWIFT_EMIT_LOC_STRINGS = YES;
				SWIFT_VERSION = 5.0;
				TARGETED_DEVICE_FAMILY = "1,2";
			};
			name = Debug;
		};
		BF607D79289A10AE00A863CE /* Release */ = {
			isa = XCBuildConfiguration;
			baseConfigurationReference = 36BAB33D4257A7A77E51B009 /* Pods-ByteCoinMVVM.release.xcconfig */;
			buildSettings = {
				ASSETCATALOG_COMPILER_APPICON_NAME = AppIcon;
				ASSETCATALOG_COMPILER_GLOBAL_ACCENT_COLOR_NAME = AccentColor;
				CODE_SIGN_STYLE = Automatic;
				CURRENT_PROJECT_VERSION = 1;
				DEVELOPMENT_TEAM = KB3R84Q4BQ;
				GENERATE_INFOPLIST_FILE = YES;
				INFOPLIST_FILE = ByteCoinMVVM/SupportingFiles/Info.plist;
				INFOPLIST_KEY_UIApplicationSupportsIndirectInputEvents = YES;
				INFOPLIST_KEY_UILaunchStoryboardName = LaunchScreen;
				INFOPLIST_KEY_UISupportedInterfaceOrientations_iPad = "UIInterfaceOrientationPortrait UIInterfaceOrientationPortraitUpsideDown UIInterfaceOrientationLandscapeLeft UIInterfaceOrientationLandscapeRight";
				INFOPLIST_KEY_UISupportedInterfaceOrientations_iPhone = "UIInterfaceOrientationPortrait UIInterfaceOrientationLandscapeLeft UIInterfaceOrientationLandscapeRight";
				LD_RUNPATH_SEARCH_PATHS = (
					"$(inherited)",
					"@executable_path/Frameworks",
				);
				MARKETING_VERSION = 1.0;
				PRODUCT_BUNDLE_IDENTIFIER = com.taeyangeom.ByteCoinMVVM;
				PRODUCT_NAME = "$(TARGET_NAME)";
				SWIFT_EMIT_LOC_STRINGS = YES;
				SWIFT_VERSION = 5.0;
				TARGETED_DEVICE_FAMILY = "1,2";
			};
			name = Release;
		};
/* End XCBuildConfiguration section */

/* Begin XCConfigurationList section */
		BF607D5E289A10AD00A863CE /* Build configuration list for PBXProject "ByteCoinMVVM" */ = {
			isa = XCConfigurationList;
			buildConfigurations = (
				BF607D75289A10AE00A863CE /* Debug */,
				BF607D76289A10AE00A863CE /* Release */,
			);
			defaultConfigurationIsVisible = 0;
			defaultConfigurationName = Release;
		};
		BF607D77289A10AE00A863CE /* Build configuration list for PBXNativeTarget "ByteCoinMVVM" */ = {
			isa = XCConfigurationList;
			buildConfigurations = (
				BF607D78289A10AE00A863CE /* Debug */,
				BF607D79289A10AE00A863CE /* Release */,
			);
			defaultConfigurationIsVisible = 0;
			defaultConfigurationName = Release;
		};
/* End XCConfigurationList section */
	};
	rootObject = BF607D5B289A10AD00A863CE /* Project object */;
}
